// !$*UTF8*$!
{
	archiveVersion = 1;
	classes = {
	};
	objectVersion = 56;
	objects = {

/* Begin PBXBuildFile section */
		330A37772A660C2D00C9DCE7 /* Typography.swift in Sources */ = {isa = PBXBuildFile; fileRef = 330A37762A660C2D00C9DCE7 /* Typography.swift */; };
		330A377E2A660D4C00C9DCE7 /* Inter-Bold.otf in Resources */ = {isa = PBXBuildFile; fileRef = 330A377B2A660D4C00C9DCE7 /* Inter-Bold.otf */; };
		330A377F2A660D4C00C9DCE7 /* Inter-Regular.otf in Resources */ = {isa = PBXBuildFile; fileRef = 330A377C2A660D4C00C9DCE7 /* Inter-Regular.otf */; };
		330A37802A660D4C00C9DCE7 /* Inter-Medium.otf in Resources */ = {isa = PBXBuildFile; fileRef = 330A377D2A660D4C00C9DCE7 /* Inter-Medium.otf */; };
		3392F86E2A675C930094131A /* CustomTextField.swift in Sources */ = {isa = PBXBuildFile; fileRef = 3392F86D2A675C930094131A /* CustomTextField.swift */; };
		41931EBE2A6470B4008F13F8 /* ContentButtons.swift in Sources */ = {isa = PBXBuildFile; fileRef = 41931EBD2A6470B4008F13F8 /* ContentButtons.swift */; };
		41ED6AE02A707A750075FD98 /* LoginView.swift in Sources */ = {isa = PBXBuildFile; fileRef = 41ED6ADF2A707A750075FD98 /* LoginView.swift */; };
		41ED6AE42A7088C00075FD98 /* ExternalLogin.swift in Sources */ = {isa = PBXBuildFile; fileRef = 41ED6AE32A7088C00075FD98 /* ExternalLogin.swift */; };
		8C27B8542A68C19400F72214 /* IconLabel.swift in Sources */ = {isa = PBXBuildFile; fileRef = 8C27B8532A68C19400F72214 /* IconLabel.swift */; };
		8C5734172A6B3B2D0052B955 /* PasswordRulesView.swift in Sources */ = {isa = PBXBuildFile; fileRef = 8C5734162A6B3B2D0052B955 /* PasswordRulesView.swift */; };
		8C5734192A6B3EAE0052B955 /* Localizable.strings in Resources */ = {isa = PBXBuildFile; fileRef = 8C5734182A6B3EAE0052B955 /* Localizable.strings */; };
		8C57341B2A6B4F5F0052B955 /* LBStrings.swift in Sources */ = {isa = PBXBuildFile; fileRef = 8C57341A2A6B4F5F0052B955 /* LBStrings.swift */; };
		8C5734202A6B6F6B0052B955 /* CustomTextField.swift in Sources */ = {isa = PBXBuildFile; fileRef = 8C57341F2A6B6F6B0052B955 /* CustomTextField.swift */; };
		8CE03E392A6360BE0024919C /* Color.swift in Sources */ = {isa = PBXBuildFile; fileRef = 8CE03E382A6360BE0024919C /* Color.swift */; };
		8CE03E3C2A6363630024919C /* Icon.swift in Sources */ = {isa = PBXBuildFile; fileRef = 8CE03E3B2A6363630024919C /* Icon.swift */; };
		8CFB359E2A6059BD008BF633 /* LorybluApp.swift in Sources */ = {isa = PBXBuildFile; fileRef = 8CFB359D2A6059BD008BF633 /* LorybluApp.swift */; };
		8CFB35A02A6059BD008BF633 /* ContentView.swift in Sources */ = {isa = PBXBuildFile; fileRef = 8CFB359F2A6059BD008BF633 /* ContentView.swift */; };
		8CFB35A22A6059BF008BF633 /* Assets.xcassets in Resources */ = {isa = PBXBuildFile; fileRef = 8CFB35A12A6059BF008BF633 /* Assets.xcassets */; };
		8CFB35A52A6059BF008BF633 /* Preview Assets.xcassets in Resources */ = {isa = PBXBuildFile; fileRef = 8CFB35A42A6059BF008BF633 /* Preview Assets.xcassets */; };
/* End PBXBuildFile section */

/* Begin PBXFileReference section */
		330A37762A660C2D00C9DCE7 /* Typography.swift */ = {isa = PBXFileReference; fileEncoding = 4; lastKnownFileType = sourcecode.swift; path = Typography.swift; sourceTree = "<group>"; };
		330A377B2A660D4C00C9DCE7 /* Inter-Bold.otf */ = {isa = PBXFileReference; lastKnownFileType = file; path = "Inter-Bold.otf"; sourceTree = "<group>"; };
		330A377C2A660D4C00C9DCE7 /* Inter-Regular.otf */ = {isa = PBXFileReference; lastKnownFileType = file; path = "Inter-Regular.otf"; sourceTree = "<group>"; };
		330A377D2A660D4C00C9DCE7 /* Inter-Medium.otf */ = {isa = PBXFileReference; lastKnownFileType = file; path = "Inter-Medium.otf"; sourceTree = "<group>"; };
		330A37812A660D8000C9DCE7 /* Info.plist */ = {isa = PBXFileReference; lastKnownFileType = text.plist; name = Info.plist; path = LoryBlu/Info.plist; sourceTree = "<group>"; };
		3392F86D2A675C930094131A /* CustomTextField.swift */ = {isa = PBXFileReference; lastKnownFileType = sourcecode.swift; path = CustomTextField.swift; sourceTree = "<group>"; };
		41931EBD2A6470B4008F13F8 /* ContentButtons.swift */ = {isa = PBXFileReference; lastKnownFileType = sourcecode.swift; path = ContentButtons.swift; sourceTree = "<group>"; };
		41ED6ADF2A707A750075FD98 /* LoginView.swift */ = {isa = PBXFileReference; lastKnownFileType = sourcecode.swift; path = LoginView.swift; sourceTree = "<group>"; };
		41ED6AE32A7088C00075FD98 /* ExternalLogin.swift */ = {isa = PBXFileReference; lastKnownFileType = sourcecode.swift; path = ExternalLogin.swift; sourceTree = "<group>"; };
		8C27B8532A68C19400F72214 /* IconLabel.swift */ = {isa = PBXFileReference; lastKnownFileType = sourcecode.swift; path = IconLabel.swift; sourceTree = "<group>"; };
		8C5734162A6B3B2D0052B955 /* PasswordRulesView.swift */ = {isa = PBXFileReference; lastKnownFileType = sourcecode.swift; path = PasswordRulesView.swift; sourceTree = "<group>"; };
		8C5734182A6B3EAE0052B955 /* Localizable.strings */ = {isa = PBXFileReference; lastKnownFileType = text.plist.strings; path = Localizable.strings; sourceTree = "<group>"; };
		8C57341A2A6B4F5F0052B955 /* LBStrings.swift */ = {isa = PBXFileReference; lastKnownFileType = sourcecode.swift; path = LBStrings.swift; sourceTree = "<group>"; };
		8C57341F2A6B6F6B0052B955 /* CustomTextField.swift */ = {isa = PBXFileReference; fileEncoding = 4; lastKnownFileType = sourcecode.swift; path = CustomTextField.swift; sourceTree = "<group>"; };
		8CE03E382A6360BE0024919C /* Color.swift */ = {isa = PBXFileReference; lastKnownFileType = sourcecode.swift; path = Color.swift; sourceTree = "<group>"; };
		8CE03E3B2A6363630024919C /* Icon.swift */ = {isa = PBXFileReference; lastKnownFileType = sourcecode.swift; path = Icon.swift; sourceTree = "<group>"; };
		8CFB359A2A6059BD008BF633 /* LoryBlu.app */ = {isa = PBXFileReference; explicitFileType = wrapper.application; includeInIndex = 0; path = LoryBlu.app; sourceTree = BUILT_PRODUCTS_DIR; };
		8CFB359D2A6059BD008BF633 /* LorybluApp.swift */ = {isa = PBXFileReference; lastKnownFileType = sourcecode.swift; path = LorybluApp.swift; sourceTree = "<group>"; };
		8CFB359F2A6059BD008BF633 /* ContentView.swift */ = {isa = PBXFileReference; lastKnownFileType = sourcecode.swift; path = ContentView.swift; sourceTree = "<group>"; };
		8CFB35A12A6059BF008BF633 /* Assets.xcassets */ = {isa = PBXFileReference; lastKnownFileType = folder.assetcatalog; path = Assets.xcassets; sourceTree = "<group>"; };
		8CFB35A42A6059BF008BF633 /* Preview Assets.xcassets */ = {isa = PBXFileReference; lastKnownFileType = folder.assetcatalog; path = "Preview Assets.xcassets"; sourceTree = "<group>"; };
/* End PBXFileReference section */

/* Begin PBXFrameworksBuildPhase section */
		8CFB35972A6059BD008BF633 /* Frameworks */ = {
			isa = PBXFrameworksBuildPhase;
			buildActionMask = 2147483647;
			files = (
			);
			runOnlyForDeploymentPostprocessing = 0;
		};
/* End PBXFrameworksBuildPhase section */

/* Begin PBXGroup section */
		330A37782A660D1A00C9DCE7 /* Resources */ = {
			isa = PBXGroup;
			children = (
				330A37792A660D3300C9DCE7 /* Fonts */,
				8C5734182A6B3EAE0052B955 /* Localizable.strings */,
			);
			path = Resources;
			sourceTree = "<group>";
		};
		330A37792A660D3300C9DCE7 /* Fonts */ = {
			isa = PBXGroup;
			children = (
				330A377A2A660D4C00C9DCE7 /* inter-fonts */,
			);
			path = Fonts;
			sourceTree = "<group>";
		};
		330A377A2A660D4C00C9DCE7 /* inter-fonts */ = {
			isa = PBXGroup;
			children = (
				330A377B2A660D4C00C9DCE7 /* Inter-Bold.otf */,
				330A377C2A660D4C00C9DCE7 /* Inter-Regular.otf */,
				330A377D2A660D4C00C9DCE7 /* Inter-Medium.otf */,
			);
			path = "inter-fonts";
			sourceTree = "<group>";
		};
		41ED6ADD2A707A530075FD98 /* Views */ = {
			isa = PBXGroup;
			children = (
				41ED6ADE2A707A620075FD98 /* LoginView */,
			);
			path = Views;
			sourceTree = "<group>";
		};
		41ED6ADE2A707A620075FD98 /* LoginView */ = {
			isa = PBXGroup;
			children = (
				41ED6ADF2A707A750075FD98 /* LoginView.swift */,
				41ED6AE32A7088C00075FD98 /* ExternalLogin.swift */,
			);
			path = LoginView;
			sourceTree = "<group>";
		};
		8C27B8382A68BEF200F72214 /* Components */ = {
			isa = PBXGroup;
			children = (
				41931EBD2A6470B4008F13F8 /* ContentButtons.swift */,
				8C57341F2A6B6F6B0052B955 /* CustomTextField.swift */,
				8C27B8532A68C19400F72214 /* IconLabel.swift */,
				8C5734162A6B3B2D0052B955 /* PasswordRulesView.swift */,
			);
			path = Components;
			sourceTree = "<group>";
		};
		8C57341E2A6B6EB70052B955 /* Recovered References */ = {
			isa = PBXGroup;
			children = (
			);
			name = "Recovered References";
			sourceTree = "<group>";
		};
		8CE03E3A2A6360DD0024919C /* Style */ = {
			isa = PBXGroup;
			children = (
				8CE03E382A6360BE0024919C /* Color.swift */,
				330A37762A660C2D00C9DCE7 /* Typography.swift */,
				8CE03E3B2A6363630024919C /* Icon.swift */,
				8C57341A2A6B4F5F0052B955 /* LBStrings.swift */,
			);
			path = Style;
			sourceTree = "<group>";
		};
		8CFB35912A6059BD008BF633 = {
			isa = PBXGroup;
			children = (
				330A37812A660D8000C9DCE7 /* Info.plist */,
				8CFB359C2A6059BD008BF633 /* loryblu */,
				8CFB359B2A6059BD008BF633 /* Products */,
				8C57341E2A6B6EB70052B955 /* Recovered References */,
			);
			sourceTree = "<group>";
		};
		8CFB359B2A6059BD008BF633 /* Products */ = {
			isa = PBXGroup;
			children = (
				8CFB359A2A6059BD008BF633 /* LoryBlu.app */,
			);
			name = Products;
			sourceTree = "<group>";
		};
		8CFB359C2A6059BD008BF633 /* loryblu */ = {
			isa = PBXGroup;
			children = (
				41ED6ADD2A707A530075FD98 /* Views */,
				8CE03E3A2A6360DD0024919C /* Style */,
				8C27B8382A68BEF200F72214 /* Components */,
				8CFB359D2A6059BD008BF633 /* LorybluApp.swift */,
				8CFB359F2A6059BD008BF633 /* ContentView.swift */,
				330A37782A660D1A00C9DCE7 /* Resources */,
				8CFB35A12A6059BF008BF633 /* Assets.xcassets */,
				8CFB35A32A6059BF008BF633 /* Preview Content */,
			);
			path = loryblu;
			sourceTree = "<group>";
		};
		8CFB35A32A6059BF008BF633 /* Preview Content */ = {
			isa = PBXGroup;
			children = (
				8CFB35A42A6059BF008BF633 /* Preview Assets.xcassets */,
			);
			path = "Preview Content";
			sourceTree = "<group>";
		};
/* End PBXGroup section */

/* Begin PBXNativeTarget section */
		8CFB35992A6059BD008BF633 /* LoryBlu */ = {
			isa = PBXNativeTarget;
			buildConfigurationList = 8CFB35A82A6059BF008BF633 /* Build configuration list for PBXNativeTarget "LoryBlu" */;
			buildPhases = (
				8CFB35962A6059BD008BF633 /* Sources */,
				8CFB35972A6059BD008BF633 /* Frameworks */,
				8CFB35982A6059BD008BF633 /* Resources */,
				8CFB35AB2A606A9B008BF633 /* Run Script - SwiftLint */,
			);
			buildRules = (
			);
			dependencies = (
			);
			name = LoryBlu;
			productName = loryblu;
			productReference = 8CFB359A2A6059BD008BF633 /* LoryBlu.app */;
			productType = "com.apple.product-type.application";
		};
/* End PBXNativeTarget section */

/* Begin PBXProject section */
		8CFB35922A6059BD008BF633 /* Project object */ = {
			isa = PBXProject;
			attributes = {
				BuildIndependentTargetsInParallel = 1;
				LastSwiftUpdateCheck = 1430;
				LastUpgradeCheck = 1430;
				TargetAttributes = {
					8CFB35992A6059BD008BF633 = {
						CreatedOnToolsVersion = 14.3.1;
					};
				};
			};
			buildConfigurationList = 8CFB35952A6059BD008BF633 /* Build configuration list for PBXProject "LoryBlu" */;
			compatibilityVersion = "Xcode 14.0";
			developmentRegion = en;
			hasScannedForEncodings = 0;
			knownRegions = (
				en,
				Base,
			);
			mainGroup = 8CFB35912A6059BD008BF633;
			productRefGroup = 8CFB359B2A6059BD008BF633 /* Products */;
			projectDirPath = "";
			projectRoot = "";
			targets = (
				8CFB35992A6059BD008BF633 /* LoryBlu */,
			);
		};
/* End PBXProject section */

/* Begin PBXResourcesBuildPhase section */
		8CFB35982A6059BD008BF633 /* Resources */ = {
			isa = PBXResourcesBuildPhase;
			buildActionMask = 2147483647;
			files = (
				8CFB35A52A6059BF008BF633 /* Preview Assets.xcassets in Resources */,
				8C5734192A6B3EAE0052B955 /* Localizable.strings in Resources */,
				330A377F2A660D4C00C9DCE7 /* Inter-Regular.otf in Resources */,
				8CFB35A22A6059BF008BF633 /* Assets.xcassets in Resources */,
				330A37802A660D4C00C9DCE7 /* Inter-Medium.otf in Resources */,
				330A377E2A660D4C00C9DCE7 /* Inter-Bold.otf in Resources */,
			);
			runOnlyForDeploymentPostprocessing = 0;
		};
/* End PBXResourcesBuildPhase section */

/* Begin PBXShellScriptBuildPhase section */
		8CFB35AB2A606A9B008BF633 /* Run Script - SwiftLint */ = {
			isa = PBXShellScriptBuildPhase;
			buildActionMask = 2147483647;
			files = (
			);
			inputFileListPaths = (
			);
			inputPaths = (
			);
			name = "Run Script - SwiftLint";
			outputFileListPaths = (
			);
			outputPaths = (
			);
			runOnlyForDeploymentPostprocessing = 0;
			shellPath = /bin/sh;
			shellScript = "if which swiftlint >/dev/null; then\n    swiftlint\nelse\n    echo \"warning: SwiftLint not installed, download from https://github.com/realm/SwiftLint\"\nfi\n";
		};
/* End PBXShellScriptBuildPhase section */

/* Begin PBXSourcesBuildPhase section */
		8CFB35962A6059BD008BF633 /* Sources */ = {
			isa = PBXSourcesBuildPhase;
			buildActionMask = 2147483647;
			files = (
				3392F86E2A675C930094131A /* CustomTextField.swift in Sources */,
				330A37772A660C2D00C9DCE7 /* Typography.swift in Sources */,
				8CFB35A02A6059BD008BF633 /* ContentView.swift in Sources */,
				41931EBE2A6470B4008F13F8 /* ContentButtons.swift in Sources */,
				8C5734172A6B3B2D0052B955 /* PasswordRulesView.swift in Sources */,
				41ED6AE42A7088C00075FD98 /* ExternalLogin.swift in Sources */,
				8C5734202A6B6F6B0052B955 /* CustomTextField.swift in Sources */,
				8CFB359E2A6059BD008BF633 /* LorybluApp.swift in Sources */,
				8CE03E3C2A6363630024919C /* Icon.swift in Sources */,
				8C27B8542A68C19400F72214 /* IconLabel.swift in Sources */,
				41ED6AE02A707A750075FD98 /* LoginView.swift in Sources */,
				8C57341B2A6B4F5F0052B955 /* LBStrings.swift in Sources */,
				8CE03E392A6360BE0024919C /* Color.swift in Sources */,
			);
			runOnlyForDeploymentPostprocessing = 0;
		};
/* End PBXSourcesBuildPhase section */

/* Begin XCBuildConfiguration section */
		8CFB35A62A6059BF008BF633 /* Debug */ = {
			isa = XCBuildConfiguration;
			buildSettings = {
				ALWAYS_SEARCH_USER_PATHS = NO;
				CLANG_ANALYZER_NONNULL = YES;
				CLANG_ANALYZER_NUMBER_OBJECT_CONVERSION = YES_AGGRESSIVE;
				CLANG_CXX_LANGUAGE_STANDARD = "gnu++20";
				CLANG_ENABLE_MODULES = YES;
				CLANG_ENABLE_OBJC_ARC = YES;
				CLANG_ENABLE_OBJC_WEAK = YES;
				CLANG_WARN_BLOCK_CAPTURE_AUTORELEASING = YES;
				CLANG_WARN_BOOL_CONVERSION = YES;
				CLANG_WARN_COMMA = YES;
				CLANG_WARN_CONSTANT_CONVERSION = YES;
				CLANG_WARN_DEPRECATED_OBJC_IMPLEMENTATIONS = YES;
				CLANG_WARN_DIRECT_OBJC_ISA_USAGE = YES_ERROR;
				CLANG_WARN_DOCUMENTATION_COMMENTS = YES;
				CLANG_WARN_EMPTY_BODY = YES;
				CLANG_WARN_ENUM_CONVERSION = YES;
				CLANG_WARN_INFINITE_RECURSION = YES;
				CLANG_WARN_INT_CONVERSION = YES;
				CLANG_WARN_NON_LITERAL_NULL_CONVERSION = YES;
				CLANG_WARN_OBJC_IMPLICIT_RETAIN_SELF = YES;
				CLANG_WARN_OBJC_LITERAL_CONVERSION = YES;
				CLANG_WARN_OBJC_ROOT_CLASS = YES_ERROR;
				CLANG_WARN_QUOTED_INCLUDE_IN_FRAMEWORK_HEADER = YES;
				CLANG_WARN_RANGE_LOOP_ANALYSIS = YES;
				CLANG_WARN_STRICT_PROTOTYPES = YES;
				CLANG_WARN_SUSPICIOUS_MOVE = YES;
				CLANG_WARN_UNGUARDED_AVAILABILITY = YES_AGGRESSIVE;
				CLANG_WARN_UNREACHABLE_CODE = YES;
				CLANG_WARN__DUPLICATE_METHOD_MATCH = YES;
				COPY_PHASE_STRIP = NO;
				DEBUG_INFORMATION_FORMAT = dwarf;
				ENABLE_STRICT_OBJC_MSGSEND = YES;
				ENABLE_TESTABILITY = YES;
				GCC_C_LANGUAGE_STANDARD = gnu11;
				GCC_DYNAMIC_NO_PIC = NO;
				GCC_NO_COMMON_BLOCKS = YES;
				GCC_OPTIMIZATION_LEVEL = 0;
				GCC_PREPROCESSOR_DEFINITIONS = (
					"DEBUG=1",
					"$(inherited)",
				);
				GCC_WARN_64_TO_32_BIT_CONVERSION = YES;
				GCC_WARN_ABOUT_RETURN_TYPE = YES_ERROR;
				GCC_WARN_UNDECLARED_SELECTOR = YES;
				GCC_WARN_UNINITIALIZED_AUTOS = YES_AGGRESSIVE;
				GCC_WARN_UNUSED_FUNCTION = YES;
				GCC_WARN_UNUSED_VARIABLE = YES;
				IPHONEOS_DEPLOYMENT_TARGET = 16.4;
				MTL_ENABLE_DEBUG_INFO = INCLUDE_SOURCE;
				MTL_FAST_MATH = YES;
				ONLY_ACTIVE_ARCH = YES;
				SDKROOT = iphoneos;
				SWIFT_ACTIVE_COMPILATION_CONDITIONS = DEBUG;
				SWIFT_OPTIMIZATION_LEVEL = "-Onone";
			};
			name = Debug;
		};
		8CFB35A72A6059BF008BF633 /* Release */ = {
			isa = XCBuildConfiguration;
			buildSettings = {
				ALWAYS_SEARCH_USER_PATHS = NO;
				CLANG_ANALYZER_NONNULL = YES;
				CLANG_ANALYZER_NUMBER_OBJECT_CONVERSION = YES_AGGRESSIVE;
				CLANG_CXX_LANGUAGE_STANDARD = "gnu++20";
				CLANG_ENABLE_MODULES = YES;
				CLANG_ENABLE_OBJC_ARC = YES;
				CLANG_ENABLE_OBJC_WEAK = YES;
				CLANG_WARN_BLOCK_CAPTURE_AUTORELEASING = YES;
				CLANG_WARN_BOOL_CONVERSION = YES;
				CLANG_WARN_COMMA = YES;
				CLANG_WARN_CONSTANT_CONVERSION = YES;
				CLANG_WARN_DEPRECATED_OBJC_IMPLEMENTATIONS = YES;
				CLANG_WARN_DIRECT_OBJC_ISA_USAGE = YES_ERROR;
				CLANG_WARN_DOCUMENTATION_COMMENTS = YES;
				CLANG_WARN_EMPTY_BODY = YES;
				CLANG_WARN_ENUM_CONVERSION = YES;
				CLANG_WARN_INFINITE_RECURSION = YES;
				CLANG_WARN_INT_CONVERSION = YES;
				CLANG_WARN_NON_LITERAL_NULL_CONVERSION = YES;
				CLANG_WARN_OBJC_IMPLICIT_RETAIN_SELF = YES;
				CLANG_WARN_OBJC_LITERAL_CONVERSION = YES;
				CLANG_WARN_OBJC_ROOT_CLASS = YES_ERROR;
				CLANG_WARN_QUOTED_INCLUDE_IN_FRAMEWORK_HEADER = YES;
				CLANG_WARN_RANGE_LOOP_ANALYSIS = YES;
				CLANG_WARN_STRICT_PROTOTYPES = YES;
				CLANG_WARN_SUSPICIOUS_MOVE = YES;
				CLANG_WARN_UNGUARDED_AVAILABILITY = YES_AGGRESSIVE;
				CLANG_WARN_UNREACHABLE_CODE = YES;
				CLANG_WARN__DUPLICATE_METHOD_MATCH = YES;
				COPY_PHASE_STRIP = NO;
				DEBUG_INFORMATION_FORMAT = "dwarf-with-dsym";
				ENABLE_NS_ASSERTIONS = NO;
				ENABLE_STRICT_OBJC_MSGSEND = YES;
				GCC_C_LANGUAGE_STANDARD = gnu11;
				GCC_NO_COMMON_BLOCKS = YES;
				GCC_WARN_64_TO_32_BIT_CONVERSION = YES;
				GCC_WARN_ABOUT_RETURN_TYPE = YES_ERROR;
				GCC_WARN_UNDECLARED_SELECTOR = YES;
				GCC_WARN_UNINITIALIZED_AUTOS = YES_AGGRESSIVE;
				GCC_WARN_UNUSED_FUNCTION = YES;
				GCC_WARN_UNUSED_VARIABLE = YES;
				IPHONEOS_DEPLOYMENT_TARGET = 16.4;
				MTL_ENABLE_DEBUG_INFO = NO;
				MTL_FAST_MATH = YES;
				SDKROOT = iphoneos;
				SWIFT_COMPILATION_MODE = wholemodule;
				SWIFT_OPTIMIZATION_LEVEL = "-O";
				VALIDATE_PRODUCT = YES;
			};
			name = Release;
		};
		8CFB35A92A6059BF008BF633 /* Debug */ = {
			isa = XCBuildConfiguration;
			buildSettings = {
				ASSETCATALOG_COMPILER_APPICON_NAME = AppIcon;
				ASSETCATALOG_COMPILER_GLOBAL_ACCENT_COLOR_NAME = AccentColor;
				CODE_SIGN_STYLE = Automatic;
				CURRENT_PROJECT_VERSION = 1;
				DEVELOPMENT_ASSET_PATHS = "\"loryblu/Preview Content\"";
				DEVELOPMENT_TEAM = 5AN4GAV8W4;
				ENABLE_PREVIEWS = YES;
				GENERATE_INFOPLIST_FILE = YES;
				INFOPLIST_FILE = LoryBlu/Info.plist;
				INFOPLIST_KEY_UIApplicationSceneManifest_Generation = YES;
				INFOPLIST_KEY_UIApplicationSupportsIndirectInputEvents = YES;
				INFOPLIST_KEY_UILaunchScreen_Generation = YES;
				INFOPLIST_KEY_UISupportedInterfaceOrientations_iPad = "UIInterfaceOrientationPortrait UIInterfaceOrientationPortraitUpsideDown UIInterfaceOrientationLandscapeLeft UIInterfaceOrientationLandscapeRight";
				INFOPLIST_KEY_UISupportedInterfaceOrientations_iPhone = "UIInterfaceOrientationPortrait UIInterfaceOrientationLandscapeLeft UIInterfaceOrientationLandscapeRight";
				LD_RUNPATH_SEARCH_PATHS = (
					"$(inherited)",
					"@executable_path/Frameworks",
				);
				MARKETING_VERSION = 1.0;
				PRODUCT_BUNDLE_IDENTIFIER = com.sucris.loryblu;
				PRODUCT_NAME = "$(TARGET_NAME)";
				SWIFT_EMIT_LOC_STRINGS = YES;
				SWIFT_VERSION = 5.0;
				TARGETED_DEVICE_FAMILY = "1,2";
			};
			name = Debug;
		};
		8CFB35AA2A6059BF008BF633 /* Release */ = {
			isa = XCBuildConfiguration;
			buildSettings = {
				ASSETCATALOG_COMPILER_APPICON_NAME = AppIcon;
				ASSETCATALOG_COMPILER_GLOBAL_ACCENT_COLOR_NAME = AccentColor;
				CODE_SIGN_STYLE = Automatic;
				CURRENT_PROJECT_VERSION = 1;
				DEVELOPMENT_ASSET_PATHS = "\"loryblu/Preview Content\"";
				DEVELOPMENT_TEAM = 5AN4GAV8W4;
				ENABLE_PREVIEWS = YES;
				GENERATE_INFOPLIST_FILE = YES;
				INFOPLIST_FILE = LoryBlu/Info.plist;
				INFOPLIST_KEY_UIApplicationSceneManifest_Generation = YES;
				INFOPLIST_KEY_UIApplicationSupportsIndirectInputEvents = YES;
				INFOPLIST_KEY_UILaunchScreen_Generation = YES;
				INFOPLIST_KEY_UISupportedInterfaceOrientations_iPad = "UIInterfaceOrientationPortrait UIInterfaceOrientationPortraitUpsideDown UIInterfaceOrientationLandscapeLeft UIInterfaceOrientationLandscapeRight";
				INFOPLIST_KEY_UISupportedInterfaceOrientations_iPhone = "UIInterfaceOrientationPortrait UIInterfaceOrientationLandscapeLeft UIInterfaceOrientationLandscapeRight";
				LD_RUNPATH_SEARCH_PATHS = (
					"$(inherited)",
					"@executable_path/Frameworks",
				);
				MARKETING_VERSION = 1.0;
				PRODUCT_BUNDLE_IDENTIFIER = com.sucris.loryblu;
				PRODUCT_NAME = "$(TARGET_NAME)";
				SWIFT_EMIT_LOC_STRINGS = YES;
				SWIFT_VERSION = 5.0;
				TARGETED_DEVICE_FAMILY = "1,2";
			};
			name = Release;
		};
/* End XCBuildConfiguration section */

/* Begin XCConfigurationList section */
		8CFB35952A6059BD008BF633 /* Build configuration list for PBXProject "LoryBlu" */ = {
			isa = XCConfigurationList;
			buildConfigurations = (
				8CFB35A62A6059BF008BF633 /* Debug */,
				8CFB35A72A6059BF008BF633 /* Release */,
			);
			defaultConfigurationIsVisible = 0;
			defaultConfigurationName = Release;
		};
		8CFB35A82A6059BF008BF633 /* Build configuration list for PBXNativeTarget "LoryBlu" */ = {
			isa = XCConfigurationList;
			buildConfigurations = (
				8CFB35A92A6059BF008BF633 /* Debug */,
				8CFB35AA2A6059BF008BF633 /* Release */,
			);
			defaultConfigurationIsVisible = 0;
			defaultConfigurationName = Release;
		};
/* End XCConfigurationList section */
	};
	rootObject = 8CFB35922A6059BD008BF633 /* Project object */;
}
